
Microsoft Visual Studio Solution File, Format Version 12.00
# Visual Studio Version 17
VisualStudioVersion = 17.2.32630.192
MinimumVisualStudioVersion = 10.0.40219.1
Project("{FAE04EC0-301F-11D3-BF4B-00C04F79EFBC}") = "Veiculos", "Veiculos\Veiculos.csproj", "{9357DFD9-9B40-4216-97EA-A79DC3920C14}"
EndProject
Global
	GlobalSection(SolutionConfigurationPlatforms) = preSolution
		Debug|Any CPU = Debug|Any CPU
		Release|Any CPU = Release|Any CPU
	EndGlobalSection
	GlobalSection(ProjectConfigurationPlatforms) = postSolution
		{9357DFD9-9B40-4216-97EA-A79DC3920C14}.Debug|Any CPU.ActiveCfg = Debug|Any CPU
		{9357DFD9-9B40-4216-97EA-A79DC3920C14}.Debug|Any CPU.Build.0 = Debug|Any CPU
		{9357DFD9-9B40-4216-97EA-A79DC3920C14}.Release|Any CPU.ActiveCfg = Release|Any CPU
		{9357DFD9-9B40-4216-97EA-A79DC3920C14}.Release|Any CPU.Build.0 = Release|Any CPU
	EndGlobalSection
	GlobalSection(SolutionProperties) = preSolution
		HideSolutionNode = FALSE
	EndGlobalSection
	GlobalSection(ExtensibilityGlobals) = postSolution
		SolutionGuid = {ECBDC64E-6C3D-4872-A94F-4809141789AF}
	EndGlobalSection
EndGlobal
